// !$*UTF8*$!
{
	archiveVersion = 1;
	classes = {
	};
	objectVersion = 46;
	objects = {

/* Begin PBXBuildFile section */
		09CDA7EC1BDD461600F4D550 /* AppDelegate.swift in Sources */ = {isa = PBXBuildFile; fileRef = 09CDA7EB1BDD461600F4D550 /* AppDelegate.swift */; };
		09CDA7EE1BDD461600F4D550 /* ViewController.swift in Sources */ = {isa = PBXBuildFile; fileRef = 09CDA7ED1BDD461600F4D550 /* ViewController.swift */; };
		09CDA7F11BDD461600F4D550 /* Main.storyboard in Resources */ = {isa = PBXBuildFile; fileRef = 09CDA7EF1BDD461600F4D550 /* Main.storyboard */; };
		09CDA7F31BDD461600F4D550 /* Assets.xcassets in Resources */ = {isa = PBXBuildFile; fileRef = 09CDA7F21BDD461600F4D550 /* Assets.xcassets */; };
		09CDA7F61BDD461600F4D550 /* LaunchScreen.storyboard in Resources */ = {isa = PBXBuildFile; fileRef = 09CDA7F41BDD461600F4D550 /* LaunchScreen.storyboard */; };
		09CDA8011BDD461700F4D550 /* todoTests.swift in Sources */ = {isa = PBXBuildFile; fileRef = 09CDA8001BDD461700F4D550 /* todoTests.swift */; };
/* End PBXBuildFile section */

/* Begin PBXContainerItemProxy section */
		09CDA7FD1BDD461700F4D550 /* PBXContainerItemProxy */ = {
			isa = PBXContainerItemProxy;
			containerPortal = 09CDA7E01BDD461600F4D550 /* Project object */;
			proxyType = 1;
			remoteGlobalIDString = 09CDA7E71BDD461600F4D550;
			remoteInfo = todo;
		};
/* End PBXContainerItemProxy section */

/* Begin PBXFileReference section */
		09CDA7E81BDD461600F4D550 /* todo.app */ = {isa = PBXFileReference; explicitFileType = wrapper.application; includeInIndex = 0; path = todo.app; sourceTree = BUILT_PRODUCTS_DIR; };
		09CDA7EB1BDD461600F4D550 /* AppDelegate.swift */ = {isa = PBXFileReference; lastKnownFileType = sourcecode.swift; path = AppDelegate.swift; sourceTree = "<group>"; };
		09CDA7ED1BDD461600F4D550 /* ViewController.swift */ = {isa = PBXFileReference; lastKnownFileType = sourcecode.swift; path = ViewController.swift; sourceTree = "<group>"; };
		09CDA7F01BDD461600F4D550 /* Base */ = {isa = PBXFileReference; lastKnownFileType = file.storyboard; name = Base; path = Base.lproj/Main.storyboard; sourceTree = "<group>"; };
		09CDA7F21BDD461600F4D550 /* Assets.xcassets */ = {isa = PBXFileReference; lastKnownFileType = folder.assetcatalog; path = Assets.xcassets; sourceTree = "<group>"; };
		09CDA7F51BDD461600F4D550 /* Base */ = {isa = PBXFileReference; lastKnownFileType = file.storyboard; name = Base; path = Base.lproj/LaunchScreen.storyboard; sourceTree = "<group>"; };
		09CDA7F71BDD461600F4D550 /* Info.plist */ = {isa = PBXFileReference; lastKnownFileType = text.plist.xml; path = Info.plist; sourceTree = "<group>"; };
		09CDA7FC1BDD461700F4D550 /* todoTests.xctest */ = {isa = PBXFileReference; explicitFileType = wrapper.cfbundle; includeInIndex = 0; path = todoTests.xctest; sourceTree = BUILT_PRODUCTS_DIR; };
		09CDA8001BDD461700F4D550 /* todoTests.swift */ = {isa = PBXFileReference; lastKnownFileType = sourcecode.swift; path = todoTests.swift; sourceTree = "<group>"; };
		09CDA8021BDD461700F4D550 /* Info.plist */ = {isa = PBXFileReference; lastKnownFileType = text.plist.xml; path = Info.plist; sourceTree = "<group>"; };
/* End PBXFileReference section */

/* Begin PBXFrameworksBuildPhase section */
		09CDA7E51BDD461600F4D550 /* Frameworks */ = {
			isa = PBXFrameworksBuildPhase;
			buildActionMask = 2147483647;
			files = (
			);
			runOnlyForDeploymentPostprocessing = 0;
		};
		09CDA7F91BDD461700F4D550 /* Frameworks */ = {
			isa = PBXFrameworksBuildPhase;
			buildActionMask = 2147483647;
			files = (
			);
			runOnlyForDeploymentPostprocessing = 0;
		};
/* End PBXFrameworksBuildPhase section */

/* Begin PBXGroup section */
		09CDA7DF1BDD461600F4D550 = {
			isa = PBXGroup;
			children = (
				09CDA7EA1BDD461600F4D550 /* todo */,
				09CDA7FF1BDD461700F4D550 /* todoTests */,
				09CDA7E91BDD461600F4D550 /* Products */,
			);
			sourceTree = "<group>";
		};
		09CDA7E91BDD461600F4D550 /* Products */ = {
			isa = PBXGroup;
			children = (
				09CDA7E81BDD461600F4D550 /* todo.app */,
				09CDA7FC1BDD461700F4D550 /* todoTests.xctest */,
			);
			name = Products;
			sourceTree = "<group>";
		};
		09CDA7EA1BDD461600F4D550 /* todo */ = {
			isa = PBXGroup;
			children = (
				09CDA7EB1BDD461600F4D550 /* AppDelegate.swift */,
				09CDA7ED1BDD461600F4D550 /* ViewController.swift */,
				09CDA7EF1BDD461600F4D550 /* Main.storyboard */,
				09CDA7F21BDD461600F4D550 /* Assets.xcassets */,
				09CDA7F41BDD461600F4D550 /* LaunchScreen.storyboard */,
				09CDA7F71BDD461600F4D550 /* Info.plist */,
			);
			path = todo;
			sourceTree = "<group>";
		};
		09CDA7FF1BDD461700F4D550 /* todoTests */ = {
			isa = PBXGroup;
			children = (
				09CDA8001BDD461700F4D550 /* todoTests.swift */,
				09CDA8021BDD461700F4D550 /* Info.plist */,
			);
			path = todoTests;
			sourceTree = "<group>";
		};
/* End PBXGroup section */

/* Begin PBXNativeTarget section */
		09CDA7E71BDD461600F4D550 /* todo */ = {
			isa = PBXNativeTarget;
			buildConfigurationList = 09CDA8051BDD461700F4D550 /* Build configuration list for PBXNativeTarget "todo" */;
			buildPhases = (
				09CDA7E41BDD461600F4D550 /* Sources */,
				09CDA7E51BDD461600F4D550 /* Frameworks */,
				09CDA7E61BDD461600F4D550 /* Resources */,
			);
			buildRules = (
			);
			dependencies = (
			);
			name = todo;
			productName = todo;
			productReference = 09CDA7E81BDD461600F4D550 /* todo.app */;
			productType = "com.apple.product-type.application";
		};
		09CDA7FB1BDD461700F4D550 /* todoTests */ = {
			isa = PBXNativeTarget;
			buildConfigurationList = 09CDA8081BDD461700F4D550 /* Build configuration list for PBXNativeTarget "todoTests" */;
			buildPhases = (
				09CDA7F81BDD461700F4D550 /* Sources */,
				09CDA7F91BDD461700F4D550 /* Frameworks */,
				09CDA7FA1BDD461700F4D550 /* Resources */,
			);
			buildRules = (
			);
			dependencies = (
				09CDA7FE1BDD461700F4D550 /* PBXTargetDependency */,
			);
			name = todoTests;
			productName = todoTests;
			productReference = 09CDA7FC1BDD461700F4D550 /* todoTests.xctest */;
			productType = "com.apple.product-type.bundle.unit-test";
		};
/* End PBXNativeTarget section */

/* Begin PBXProject section */
		09CDA7E01BDD461600F4D550 /* Project object */ = {
			isa = PBXProject;
			attributes = {
				LastSwiftUpdateCheck = 0710;
				LastUpgradeCheck = 0710;
				ORGANIZATIONNAME = SaurabhApps;
				TargetAttributes = {
					09CDA7E71BDD461600F4D550 = {
						CreatedOnToolsVersion = 7.1;
						DevelopmentTeam = 4YPEYG8S47;
					};
					09CDA7FB1BDD461700F4D550 = {
						CreatedOnToolsVersion = 7.1;
						DevelopmentTeam = 4YPEYG8S47;
						TestTargetID = 09CDA7E71BDD461600F4D550;
					};
				};
			};
			buildConfigurationList = 09CDA7E31BDD461600F4D550 /* Build configuration list for PBXProject "todo" */;
			compatibilityVersion = "Xcode 3.2";
			developmentRegion = English;
			hasScannedForEncodings = 0;
			knownRegions = (
				en,
				Base,
			);
			mainGroup = 09CDA7DF1BDD461600F4D550;
			productRefGroup = 09CDA7E91BDD461600F4D550 /* Products */;
			projectDirPath = "";
			projectRoot = "";
			targets = (
				09CDA7E71BDD461600F4D550 /* todo */,
				09CDA7FB1BDD461700F4D550 /* todoTests */,
			);
		};
/* End PBXProject section */

/* Begin PBXResourcesBuildPhase section */
		09CDA7E61BDD461600F4D550 /* Resources */ = {
			isa = PBXResourcesBuildPhase;
			buildActionMask = 2147483647;
			files = (
				09CDA7F61BDD461600F4D550 /* LaunchScreen.storyboard in Resources */,
				09CDA7F31BDD461600F4D550 /* Assets.xcassets in Resources */,
				09CDA7F11BDD461600F4D550 /* Main.storyboard in Resources */,
			);
			runOnlyForDeploymentPostprocessing = 0;
		};
		09CDA7FA1BDD461700F4D550 /* Resources */ = {
			isa = PBXResourcesBuildPhase;
			buildActionMask = 2147483647;
			files = (
			);
			runOnlyForDeploymentPostprocessing = 0;
		};
/* End PBXResourcesBuildPhase section */

/* Begin PBXSourcesBuildPhase section */
		09CDA7E41BDD461600F4D550 /* Sources */ = {
			isa = PBXSourcesBuildPhase;
			buildActionMask = 2147483647;
			files = (
				09CDA7EE1BDD461600F4D550 /* ViewController.swift in Sources */,
				09CDA7EC1BDD461600F4D550 /* AppDelegate.swift in Sources */,
			);
			runOnlyForDeploymentPostprocessing = 0;
		};
		09CDA7F81BDD461700F4D550 /* Sources */ = {
			isa = PBXSourcesBuildPhase;
			buildActionMask = 2147483647;
			files = (
				09CDA8011BDD461700F4D550 /* todoTests.swift in Sources */,
			);
			runOnlyForDeploymentPostprocessing = 0;
		};
/* End PBXSourcesBuildPhase section */

/* Begin PBXTargetDependency section */
		09CDA7FE1BDD461700F4D550 /* PBXTargetDependency */ = {
			isa = PBXTargetDependency;
			target = 09CDA7E71BDD461600F4D550 /* todo */;
			targetProxy = 09CDA7FD1BDD461700F4D550 /* PBXContainerItemProxy */;
		};
/* End PBXTargetDependency section */

/* Begin PBXVariantGroup section */
		09CDA7EF1BDD461600F4D550 /* Main.storyboard */ = {
			isa = PBXVariantGroup;
			children = (
				09CDA7F01BDD461600F4D550 /* Base */,
			);
			name = Main.storyboard;
			sourceTree = "<group>";
		};
		09CDA7F41BDD461600F4D550 /* LaunchScreen.storyboard */ = {
			isa = PBXVariantGroup;
			children = (
				09CDA7F51BDD461600F4D550 /* Base */,
			);
			name = LaunchScreen.storyboard;
			sourceTree = "<group>";
		};
/* End PBXVariantGroup section */

/* Begin XCBuildConfiguration section */
		09CDA8031BDD461700F4D550 /* Debug */ = {
			isa = XCBuildConfiguration;
			buildSettings = {
				ALWAYS_SEARCH_USER_PATHS = NO;
				CLANG_CXX_LANGUAGE_STANDARD = "gnu++0x";
				CLANG_CXX_LIBRARY = "libc++";
				CLANG_ENABLE_MODULES = YES;
				CLANG_ENABLE_OBJC_ARC = YES;
				CLANG_WARN_BOOL_CONVERSION = YES;
				CLANG_WARN_CONSTANT_CONVERSION = YES;
				CLANG_WARN_DIRECT_OBJC_ISA_USAGE = YES_ERROR;
				CLANG_WARN_EMPTY_BODY = YES;
				CLANG_WARN_ENUM_CONVERSION = YES;
				CLANG_WARN_INT_CONVERSION = YES;
				CLANG_WARN_OBJC_ROOT_CLASS = YES_ERROR;
				CLANG_WARN_UNREACHABLE_CODE = YES;
				CLANG_WARN__DUPLICATE_METHOD_MATCH = YES;
				"CODE_SIGN_IDENTITY[sdk=iphoneos*]" = "iPhone Developer";
				COPY_PHASE_STRIP = NO;
				DEBUG_INFORMATION_FORMAT = dwarf;
				ENABLE_STRICT_OBJC_MSGSEND = YES;
				ENABLE_TESTABILITY = YES;
				GCC_C_LANGUAGE_STANDARD = gnu99;
				GCC_DYNAMIC_NO_PIC = NO;
				GCC_NO_COMMON_BLOCKS = YES;
				GCC_OPTIMIZATION_LEVEL = 0;
				GCC_PREPROCESSOR_DEFINITIONS = (
					"DEBUG=1",
					"$(inherited)",
				);
				GCC_WARN_64_TO_32_BIT_CONVERSION = YES;
				GCC_WARN_ABOUT_RETURN_TYPE = YES_ERROR;
				GCC_WARN_UNDECLARED_SELECTOR = YES;
				GCC_WARN_UNINITIALIZED_AUTOS = YES_AGGRESSIVE;
				GCC_WARN_UNUSED_FUNCTION = YES;
				GCC_WARN_UNUSED_VARIABLE = YES;
				IPHONEOS_DEPLOYMENT_TARGET = 9.1;
				MTL_ENABLE_DEBUG_INFO = YES;
				ONLY_ACTIVE_ARCH = YES;
				SDKROOT = iphoneos;
				SWIFT_OPTIMIZATION_LEVEL = "-Onone";
				TARGETED_DEVICE_FAMILY = "1,2";
			};
			name = Debug;
		};
		09CDA8041BDD461700F4D550 /* Release */ = {
			isa = XCBuildConfiguration;
			buildSettings = {
				ALWAYS_SEARCH_USER_PATHS = NO;
				CLANG_CXX_LANGUAGE_STANDARD = "gnu++0x";
				CLANG_CXX_LIBRARY = "libc++";
				CLANG_ENABLE_MODULES = YES;
				CLANG_ENABLE_OBJC_ARC = YES;
				CLANG_WARN_BOOL_CONVERSION = YES;
				CLANG_WARN_CONSTANT_CONVERSION = YES;
				CLANG_WARN_DIRECT_OBJC_ISA_USAGE = YES_ERROR;
				CLANG_WARN_EMPTY_BODY = YES;
				CLANG_WARN_ENUM_CONVERSION = YES;
				CLANG_WARN_INT_CONVERSION = YES;
				CLANG_WARN_OBJC_ROOT_CLASS = YES_ERROR;
				CLANG_WARN_UNREACHABLE_CODE = YES;
				CLANG_WARN__DUPLICATE_METHOD_MATCH = YES;
				"CODE_SIGN_IDENTITY[sdk=iphoneos*]" = "iPhone Developer";
				COPY_PHASE_STRIP = NO;
				DEBUG_INFORMATION_FORMAT = "dwarf-with-dsym";
				ENABLE_NS_ASSERTIONS = NO;
				ENABLE_STRICT_OBJC_MSGSEND = YES;
				GCC_C_LANGUAGE_STANDARD = gnu99;
				GCC_NO_COMMON_BLOCKS = YES;
				GCC_WARN_64_TO_32_BIT_CONVERSION = YES;
				GCC_WARN_ABOUT_RETURN_TYPE = YES_ERROR;
				GCC_WARN_UNDECLARED_SELECTOR = YES;
				GCC_WARN_UNINITIALIZED_AUTOS = YES_AGGRESSIVE;
				GCC_WARN_UNUSED_FUNCTION = YES;
				GCC_WARN_UNUSED_VARIABLE = YES;
				IPHONEOS_DEPLOYMENT_TARGET = 9.1;
				MTL_ENABLE_DEBUG_INFO = NO;
				SDKROOT = iphoneos;
				TARGETED_DEVICE_FAMILY = "1,2";
				VALIDATE_PRODUCT = YES;
			};
			name = Release;
		};
		09CDA8061BDD461700F4D550 /* Debug */ = {
			isa = XCBuildConfiguration;
			buildSettings = {
				ASSETCATALOG_COMPILER_APPICON_NAME = AppIcon;
				INFOPLIST_FILE = todo/Info.plist;
				LD_RUNPATH_SEARCH_PATHS = "$(inherited) @executable_path/Frameworks";
				PRODUCT_BUNDLE_IDENTIFIER = edu.ncsu.saurabh.todo;
				PRODUCT_NAME = "$(TARGET_NAME)";
			};
			name = Debug;
		};
		09CDA8071BDD461700F4D550 /* Release */ = {
			isa = XCBuildConfiguration;
			buildSettings = {
				ASSETCATALOG_COMPILER_APPICON_NAME = AppIcon;
				INFOPLIST_FILE = todo/Info.plist;
				LD_RUNPATH_SEARCH_PATHS = "$(inherited) @executable_path/Frameworks";
				PRODUCT_BUNDLE_IDENTIFIER = edu.ncsu.saurabh.todo;
				PRODUCT_NAME = "$(TARGET_NAME)";
			};
			name = Release;
		};
		09CDA8091BDD461700F4D550 /* Debug */ = {
			isa = XCBuildConfiguration;
			buildSettings = {
				BUNDLE_LOADER = "$(TEST_HOST)";
				INFOPLIST_FILE = todoTests/Info.plist;
				LD_RUNPATH_SEARCH_PATHS = "$(inherited) @executable_path/Frameworks @loader_path/Frameworks";
				PRODUCT_BUNDLE_IDENTIFIER = edu.ncsu.saurabh.todoTests;
				PRODUCT_NAME = "$(TARGET_NAME)";
				TEST_HOST = "$(BUILT_PRODUCTS_DIR)/todo.app/todo";
			};
			name = Debug;
		};
		09CDA80A1BDD461700F4D550 /* Release */ = {
			isa = XCBuildConfiguration;
			buildSettings = {
				BUNDLE_LOADER = "$(TEST_HOST)";
				INFOPLIST_FILE = todoTests/Info.plist;
				LD_RUNPATH_SEARCH_PATHS = "$(inherited) @executable_path/Frameworks @loader_path/Frameworks";
				PRODUCT_BUNDLE_IDENTIFIER = edu.ncsu.saurabh.todoTests;
				PRODUCT_NAME = "$(TARGET_NAME)";
				TEST_HOST = "$(BUILT_PRODUCTS_DIR)/todo.app/todo";
			};
			name = Release;
		};
/* End XCBuildConfiguration section */

/* Begin XCConfigurationList section */
		09CDA7E31BDD461600F4D550 /* Build configuration list for PBXProject "todo" */ = {
			isa = XCConfigurationList;
			buildConfigurations = (
				09CDA8031BDD461700F4D550 /* Debug */,
				09CDA8041BDD461700F4D550 /* Release */,
			);
			defaultConfigurationIsVisible = 0;
			defaultConfigurationName = Release;
		};
		09CDA8051BDD461700F4D550 /* Build configuration list for PBXNativeTarget "todo" */ = {
			isa = XCConfigurationList;
			buildConfigurations = (
				09CDA8061BDD461700F4D550 /* Debug */,
				09CDA8071BDD461700F4D550 /* Release */,
			);
			defaultConfigurationIsVisible = 0;
		};
		09CDA8081BDD461700F4D550 /* Build configuration list for PBXNativeTarget "todoTests" */ = {
			isa = XCConfigurationList;
			buildConfigurations = (
				09CDA8091BDD461700F4D550 /* Debug */,
				09CDA80A1BDD461700F4D550 /* Release */,
			);
			defaultConfigurationIsVisible = 0;
		};
/* End XCConfigurationList section */
	};
	rootObject = 09CDA7E01BDD461600F4D550 /* Project object */;
}
